
Microsoft Visual Studio Solution File, Format Version 12.00
# Visual Studio Version 16
VisualStudioVersion = 16.0.29215.179
MinimumVisualStudioVersion = 10.0.40219.1
Project("{FAE04EC0-301F-11D3-BF4B-00C04F79EFBC}") = "Editor", "Editor\Editor.csproj", "{3E28933A-1CDD-45BE-9586-A00CB6C11D14}"
EndProject
Project("{FAE04EC0-301F-11D3-BF4B-00C04F79EFBC}") = "Editor.Test", "Editor.Test\Editor.Test.csproj", "{6D371AB7-DB2D-43EF-8CE2-11BAECDD347F}"
EndProject
Project("{FAE04EC0-301F-11D3-BF4B-00C04F79EFBC}") = "Editor.Interfaces", "Editor.Interfaces\Editor.Interfaces.csproj", "{FD7DFE1B-0F1C-4BEC-8ABE-34A6A5AD9C92}"
EndProject
Project("{FAE04EC0-301F-11D3-BF4B-00C04F79EFBC}") = "Editor.Enums", "Editor.Enums\Editor.Enums.csproj", "{4F8966E8-EF41-440D-8D9F-95BF77D898DB}"
EndProject
Global
	GlobalSection(SolutionConfigurationPlatforms) = preSolution
		Debug|Any CPU = Debug|Any CPU
		Release|Any CPU = Release|Any CPU
	EndGlobalSection
	GlobalSection(ProjectConfigurationPlatforms) = postSolution
		{3E28933A-1CDD-45BE-9586-A00CB6C11D14}.Debug|Any CPU.ActiveCfg = Debug|Any CPU
		{3E28933A-1CDD-45BE-9586-A00CB6C11D14}.Debug|Any CPU.Build.0 = Debug|Any CPU
		{3E28933A-1CDD-45BE-9586-A00CB6C11D14}.Release|Any CPU.ActiveCfg = Release|Any CPU
		{3E28933A-1CDD-45BE-9586-A00CB6C11D14}.Release|Any CPU.Build.0 = Release|Any CPU
		{6D371AB7-DB2D-43EF-8CE2-11BAECDD347F}.Debug|Any CPU.ActiveCfg = Debug|Any CPU
		{6D371AB7-DB2D-43EF-8CE2-11BAECDD347F}.Debug|Any CPU.Build.0 = Debug|Any CPU
		{6D371AB7-DB2D-43EF-8CE2-11BAECDD347F}.Release|Any CPU.ActiveCfg = Release|Any CPU
		{6D371AB7-DB2D-43EF-8CE2-11BAECDD347F}.Release|Any CPU.Build.0 = Release|Any CPU
		{FD7DFE1B-0F1C-4BEC-8ABE-34A6A5AD9C92}.Debug|Any CPU.ActiveCfg = Debug|Any CPU
		{FD7DFE1B-0F1C-4BEC-8ABE-34A6A5AD9C92}.Debug|Any CPU.Build.0 = Debug|Any CPU
		{FD7DFE1B-0F1C-4BEC-8ABE-34A6A5AD9C92}.Release|Any CPU.ActiveCfg = Release|Any CPU
		{FD7DFE1B-0F1C-4BEC-8ABE-34A6A5AD9C92}.Release|Any CPU.Build.0 = Release|Any CPU
		{4F8966E8-EF41-440D-8D9F-95BF77D898DB}.Debug|Any CPU.ActiveCfg = Debug|Any CPU
		{4F8966E8-EF41-440D-8D9F-95BF77D898DB}.Debug|Any CPU.Build.0 = Debug|Any CPU
		{4F8966E8-EF41-440D-8D9F-95BF77D898DB}.Release|Any CPU.ActiveCfg = Release|Any CPU
		{4F8966E8-EF41-440D-8D9F-95BF77D898DB}.Release|Any CPU.Build.0 = Release|Any CPU
	EndGlobalSection
	GlobalSection(SolutionProperties) = preSolution
		HideSolutionNode = FALSE
	EndGlobalSection
	GlobalSection(ExtensibilityGlobals) = postSolution
		SolutionGuid = {D640B186-0AAF-4530-98D2-1D07EF57BB1A}
	EndGlobalSection
EndGlobal
